
Microsoft Visual Studio Solution File, Format Version 12.00
# Visual Studio Version 17
VisualStudioVersion = 17.1.32210.238
MinimumVisualStudioVersion = 10.0.40219.1
Project("{FAE04EC0-301F-11D3-BF4B-00C04F79EFBC}") = "3drenderer", "3drenderer\3drenderer.csproj", "{28E0E2E8-9B7B-4073-99D5-7EE5F105D23F}"
EndProject
Global
	GlobalSection(SolutionConfigurationPlatforms) = preSolution
		Debug|Any CPU = Debug|Any CPU
		Release|Any CPU = Release|Any CPU
	EndGlobalSection
	GlobalSection(ProjectConfigurationPlatforms) = postSolution
		{28E0E2E8-9B7B-4073-99D5-7EE5F105D23F}.Debug|Any CPU.ActiveCfg = Debug|Any CPU
		{28E0E2E8-9B7B-4073-99D5-7EE5F105D23F}.Debug|Any CPU.Build.0 = Debug|Any CPU
		{28E0E2E8-9B7B-4073-99D5-7EE5F105D23F}.Release|Any CPU.ActiveCfg = Release|Any CPU
		{28E0E2E8-9B7B-4073-99D5-7EE5F105D23F}.Release|Any CPU.Build.0 = Release|Any CPU
	EndGlobalSection
	GlobalSection(SolutionProperties) = preSolution
		HideSolutionNode = FALSE
	EndGlobalSection
	GlobalSection(ExtensibilityGlobals) = postSolution
		SolutionGuid = {5918C7D4-8E23-402A-8F25-7A8E5B3BD222}
	EndGlobalSection
EndGlobal
